// !$*UTF8*$!
{
	archiveVersion = 1;
	classes = {
	};
	objectVersion = 50;
	objects = {

/* Begin PBXBuildFile section */
		C12A96CB207F37C200E79EBF /* AppDelegate.swift in Sources */ = {isa = PBXBuildFile; fileRef = C12A96CA207F37C200E79EBF /* AppDelegate.swift */; };
		C12A96CD207F37C200E79EBF /* ViewController.swift in Sources */ = {isa = PBXBuildFile; fileRef = C12A96CC207F37C200E79EBF /* ViewController.swift */; };
		C12A96D0207F37C200E79EBF /* Main.storyboard in Resources */ = {isa = PBXBuildFile; fileRef = C12A96CE207F37C200E79EBF /* Main.storyboard */; };
		C12A96D2207F37C300E79EBF /* Assets.xcassets in Resources */ = {isa = PBXBuildFile; fileRef = C12A96D1207F37C300E79EBF /* Assets.xcassets */; };
		C12A96D5207F37C300E79EBF /* LaunchScreen.storyboard in Resources */ = {isa = PBXBuildFile; fileRef = C12A96D3207F37C300E79EBF /* LaunchScreen.storyboard */; };
/* End PBXBuildFile section */

/* Begin PBXFileReference section */
		C12A96C7207F37C200E79EBF /* 03-图文混排.app */ = {isa = PBXFileReference; explicitFileType = wrapper.application; includeInIndex = 0; path = "03-图文混排.app"; sourceTree = BUILT_PRODUCTS_DIR; };
		C12A96CA207F37C200E79EBF /* AppDelegate.swift */ = {isa = PBXFileReference; lastKnownFileType = sourcecode.swift; path = AppDelegate.swift; sourceTree = "<group>"; };
		C12A96CC207F37C200E79EBF /* ViewController.swift */ = {isa = PBXFileReference; lastKnownFileType = sourcecode.swift; path = ViewController.swift; sourceTree = "<group>"; };
		C12A96CF207F37C200E79EBF /* Base */ = {isa = PBXFileReference; lastKnownFileType = file.storyboard; name = Base; path = Base.lproj/Main.storyboard; sourceTree = "<group>"; };
		C12A96D1207F37C300E79EBF /* Assets.xcassets */ = {isa = PBXFileReference; lastKnownFileType = folder.assetcatalog; path = Assets.xcassets; sourceTree = "<group>"; };
		C12A96D4207F37C300E79EBF /* Base */ = {isa = PBXFileReference; lastKnownFileType = file.storyboard; name = Base; path = Base.lproj/LaunchScreen.storyboard; sourceTree = "<group>"; };
		C12A96D6207F37C300E79EBF /* Info.plist */ = {isa = PBXFileReference; lastKnownFileType = text.plist.xml; path = Info.plist; sourceTree = "<group>"; };
/* End PBXFileReference section */

/* Begin PBXFrameworksBuildPhase section */
		C12A96C4207F37C200E79EBF /* Frameworks */ = {
			isa = PBXFrameworksBuildPhase;
			buildActionMask = 2147483647;
			files = (
			);
			runOnlyForDeploymentPostprocessing = 0;
		};
/* End PBXFrameworksBuildPhase section */

/* Begin PBXGroup section */
		C12A96BE207F37C200E79EBF = {
			isa = PBXGroup;
			children = (
				C12A96C9207F37C200E79EBF /* 03-图文混排 */,
				C12A96C8207F37C200E79EBF /* Products */,
			);
			sourceTree = "<group>";
		};
		C12A96C8207F37C200E79EBF /* Products */ = {
			isa = PBXGroup;
			children = (
				C12A96C7207F37C200E79EBF /* 03-图文混排.app */,
			);
			name = Products;
			sourceTree = "<group>";
		};
		C12A96C9207F37C200E79EBF /* 03-图文混排 */ = {
			isa = PBXGroup;
			children = (
				C12A96CA207F37C200E79EBF /* AppDelegate.swift */,
				C12A96CC207F37C200E79EBF /* ViewController.swift */,
				C12A96CE207F37C200E79EBF /* Main.storyboard */,
				C12A96D1207F37C300E79EBF /* Assets.xcassets */,
				C12A96D3207F37C300E79EBF /* LaunchScreen.storyboard */,
				C12A96D6207F37C300E79EBF /* Info.plist */,
			);
			path = "03-图文混排";
			sourceTree = "<group>";
		};
/* End PBXGroup section */

/* Begin PBXNativeTarget section */
		C12A96C6207F37C200E79EBF /* 03-图文混排 */ = {
			isa = PBXNativeTarget;
			buildConfigurationList = C12A96D9207F37C300E79EBF /* Build configuration list for PBXNativeTarget "03-图文混排" */;
			buildPhases = (
				C12A96C3207F37C200E79EBF /* Sources */,
				C12A96C4207F37C200E79EBF /* Frameworks */,
				C12A96C5207F37C200E79EBF /* Resources */,
			);
			buildRules = (
			);
			dependencies = (
			);
			name = "03-图文混排";
			productName = "03-图文混排";
			productReference = C12A96C7207F37C200E79EBF /* 03-图文混排.app */;
			productType = "com.apple.product-type.application";
		};
/* End PBXNativeTarget section */

/* Begin PBXProject section */
		C12A96BF207F37C200E79EBF /* Project object */ = {
			isa = PBXProject;
			attributes = {
				LastSwiftUpdateCheck = 0930;
				LastUpgradeCheck = 0930;
				ORGANIZATIONNAME = liukun;
				TargetAttributes = {
					C12A96C6207F37C200E79EBF = {
						CreatedOnToolsVersion = 9.3;
					};
				};
			};
			buildConfigurationList = C12A96C2207F37C200E79EBF /* Build configuration list for PBXProject "03-图文混排" */;
			compatibilityVersion = "Xcode 9.3";
			developmentRegion = en;
			hasScannedForEncodings = 0;
			knownRegions = (
				en,
				Base,
			);
			mainGroup = C12A96BE207F37C200E79EBF;
			productRefGroup = C12A96C8207F37C200E79EBF /* Products */;
			projectDirPath = "";
			projectRoot = "";
			targets = (
				C12A96C6207F37C200E79EBF /* 03-图文混排 */,
			);
		};
/* End PBXProject section */

/* Begin PBXResourcesBuildPhase section */
		C12A96C5207F37C200E79EBF /* Resources */ = {
			isa = PBXResourcesBuildPhase;
			buildActionMask = 2147483647;
			files = (
				C12A96D5207F37C300E79EBF /* LaunchScreen.storyboard in Resources */,
				C12A96D2207F37C300E79EBF /* Assets.xcassets in Resources */,
				C12A96D0207F37C200E79EBF /* Main.storyboard in Resources */,
			);
			runOnlyForDeploymentPostprocessing = 0;
		};
/* End PBXResourcesBuildPhase section */

/* Begin PBXSourcesBuildPhase section */
		C12A96C3207F37C200E79EBF /* Sources */ = {
			isa = PBXSourcesBuildPhase;
			buildActionMask = 2147483647;
			files = (
				C12A96CD207F37C200E79EBF /* ViewController.swift in Sources */,
				C12A96CB207F37C200E79EBF /* AppDelegate.swift in Sources */,
			);
			runOnlyForDeploymentPostprocessing = 0;
		};
/* End PBXSourcesBuildPhase section */

/* Begin PBXVariantGroup section */
		C12A96CE207F37C200E79EBF /* Main.storyboard */ = {
			isa = PBXVariantGroup;
			children = (
				C12A96CF207F37C200E79EBF /* Base */,
			);
			name = Main.storyboard;
			sourceTree = "<group>";
		};
		C12A96D3207F37C300E79EBF /* LaunchScreen.storyboard */ = {
			isa = PBXVariantGroup;
			children = (
				C12A96D4207F37C300E79EBF /* Base */,
			);
			name = LaunchScreen.storyboard;
			sourceTree = "<group>";
		};
/* End PBXVariantGroup section */

/* Begin XCBuildConfiguration section */
		C12A96D7207F37C300E79EBF /* Debug */ = {
			isa = XCBuildConfiguration;
			buildSettings = {
				ALWAYS_SEARCH_USER_PATHS = NO;
				CLANG_ANALYZER_NONNULL = YES;
				CLANG_ANALYZER_NUMBER_OBJECT_CONVERSION = YES_AGGRESSIVE;
				CLANG_CXX_LANGUAGE_STANDARD = "gnu++14";
				CLANG_CXX_LIBRARY = "libc++";
				CLANG_ENABLE_MODULES = YES;
				CLANG_ENABLE_OBJC_ARC = YES;
				CLANG_ENABLE_OBJC_WEAK = YES;
				CLANG_WARN_BLOCK_CAPTURE_AUTORELEASING = YES;
				CLANG_WARN_BOOL_CONVERSION = YES;
				CLANG_WARN_COMMA = YES;
				CLANG_WARN_CONSTANT_CONVERSION = YES;
				CLANG_WARN_DEPRECATED_OBJC_IMPLEMENTATIONS = YES;
				CLANG_WARN_DIRECT_OBJC_ISA_USAGE = YES_ERROR;
				CLANG_WARN_DOCUMENTATION_COMMENTS = YES;
				CLANG_WARN_EMPTY_BODY = YES;
				CLANG_WARN_ENUM_CONVERSION = YES;
				CLANG_WARN_INFINITE_RECURSION = YES;
				CLANG_WARN_INT_CONVERSION = YES;
				CLANG_WARN_NON_LITERAL_NULL_CONVERSION = YES;
				CLANG_WARN_OBJC_IMPLICIT_RETAIN_SELF = YES;
				CLANG_WARN_OBJC_LITERAL_CONVERSION = YES;
				CLANG_WARN_OBJC_ROOT_CLASS = YES_ERROR;
				CLANG_WARN_RANGE_LOOP_ANALYSIS = YES;
				CLANG_WARN_STRICT_PROTOTYPES = YES;
				CLANG_WARN_SUSPICIOUS_MOVE = YES;
				CLANG_WARN_UNGUARDED_AVAILABILITY = YES_AGGRESSIVE;
				CLANG_WARN_UNREACHABLE_CODE = YES;
				CLANG_WARN__DUPLICATE_METHOD_MATCH = YES;
				CODE_SIGN_IDENTITY = "iPhone Developer";
				COPY_PHASE_STRIP = NO;
				DEBUG_INFORMATION_FORMAT = dwarf;
				ENABLE_STRICT_OBJC_MSGSEND = YES;
				ENABLE_TESTABILITY = YES;
				GCC_C_LANGUAGE_STANDARD = gnu11;
				GCC_DYNAMIC_NO_PIC = NO;
				GCC_NO_COMMON_BLOCKS = YES;
				GCC_OPTIMIZATION_LEVEL = 0;
				GCC_PREPROCESSOR_DEFINITIONS = (
					"DEBUG=1",
					"$(inherited)",
				);
				GCC_WARN_64_TO_32_BIT_CONVERSION = YES;
				GCC_WARN_ABOUT_RETURN_TYPE = YES_ERROR;
				GCC_WARN_UNDECLARED_SELECTOR = YES;
				GCC_WARN_UNINITIALIZED_AUTOS = YES_AGGRESSIVE;
				GCC_WARN_UNUSED_FUNCTION = YES;
				GCC_WARN_UNUSED_VARIABLE = YES;
				IPHONEOS_DEPLOYMENT_TARGET = 9.0;
				MTL_ENABLE_DEBUG_INFO = YES;
				ONLY_ACTIVE_ARCH = YES;
				SDKROOT = iphoneos;
				SWIFT_ACTIVE_COMPILATION_CONDITIONS = DEBUG;
				SWIFT_OPTIMIZATION_LEVEL = "-Onone";
			};
			name = Debug;
		};
		C12A96D8207F37C300E79EBF /* Release */ = {
			isa = XCBuildConfiguration;
			buildSettings = {
				ALWAYS_SEARCH_USER_PATHS = NO;
				CLANG_ANALYZER_NONNULL = YES;
				CLANG_ANALYZER_NUMBER_OBJECT_CONVERSION = YES_AGGRESSIVE;
				CLANG_CXX_LANGUAGE_STANDARD = "gnu++14";
				CLANG_CXX_LIBRARY = "libc++";
				CLANG_ENABLE_MODULES = YES;
				CLANG_ENABLE_OBJC_ARC = YES;
				CLANG_ENABLE_OBJC_WEAK = YES;
				CLANG_WARN_BLOCK_CAPTURE_AUTORELEASING = YES;
				CLANG_WARN_BOOL_CONVERSION = YES;
				CLANG_WARN_COMMA = YES;
				CLANG_WARN_CONSTANT_CONVERSION = YES;
				CLANG_WARN_DEPRECATED_OBJC_IMPLEMENTATIONS = YES;
				CLANG_WARN_DIRECT_OBJC_ISA_USAGE = YES_ERROR;
				CLANG_WARN_DOCUMENTATION_COMMENTS = YES;
				CLANG_WARN_EMPTY_BODY = YES;
				CLANG_WARN_ENUM_CONVERSION = YES;
				CLANG_WARN_INFINITE_RECURSION = YES;
				CLANG_WARN_INT_CONVERSION = YES;
				CLANG_WARN_NON_LITERAL_NULL_CONVERSION = YES;
				CLANG_WARN_OBJC_IMPLICIT_RETAIN_SELF = YES;
				CLANG_WARN_OBJC_LITERAL_CONVERSION = YES;
				CLANG_WARN_OBJC_ROOT_CLASS = YES_ERROR;
				CLANG_WARN_RANGE_LOOP_ANALYSIS = YES;
				CLANG_WARN_STRICT_PROTOTYPES = YES;
				CLANG_WARN_SUSPICIOUS_MOVE = YES;
				CLANG_WARN_UNGUARDED_AVAILABILITY = YES_AGGRESSIVE;
				CLANG_WARN_UNREACHABLE_CODE = YES;
				CLANG_WARN__DUPLICATE_METHOD_MATCH = YES;
				CODE_SIGN_IDENTITY = "iPhone Developer";
				COPY_PHASE_STRIP = NO;
				DEBUG_INFORMATION_FORMAT = "dwarf-with-dsym";
				ENABLE_NS_ASSERTIONS = NO;
				ENABLE_STRICT_OBJC_MSGSEND = YES;
				GCC_C_LANGUAGE_STANDARD = gnu11;
				GCC_NO_COMMON_BLOCKS = YES;
				GCC_WARN_64_TO_32_BIT_CONVERSION = YES;
				GCC_WARN_ABOUT_RETURN_TYPE = YES_ERROR;
				GCC_WARN_UNDECLARED_SELECTOR = YES;
				GCC_WARN_UNINITIALIZED_AUTOS = YES_AGGRESSIVE;
				GCC_WARN_UNUSED_FUNCTION = YES;
				GCC_WARN_UNUSED_VARIABLE = YES;
				IPHONEOS_DEPLOYMENT_TARGET = 9.0;
				MTL_ENABLE_DEBUG_INFO = NO;
				SDKROOT = iphoneos;
				SWIFT_COMPILATION_MODE = wholemodule;
				SWIFT_OPTIMIZATION_LEVEL = "-O";
				VALIDATE_PRODUCT = YES;
			};
			name = Release;
		};
		C12A96DA207F37C300E79EBF /* Debug */ = {
			isa = XCBuildConfiguration;
			buildSettings = {
				ASSETCATALOG_COMPILER_APPICON_NAME = AppIcon;
				CODE_SIGN_STYLE = Automatic;
				DEVELOPMENT_TEAM = Q7WQF4WN2Z;
				INFOPLIST_FILE = "03-图文混排/Info.plist";
				LD_RUNPATH_SEARCH_PATHS = (
					"$(inherited)",
					"@executable_path/Frameworks",
				);
				PRODUCT_BUNDLE_IDENTIFIER = "com.liukun.-3-----";
				PRODUCT_NAME = "$(TARGET_NAME)";
				SWIFT_VERSION = 4.0;
				TARGETED_DEVICE_FAMILY = "1,2";
			};
			name = Debug;
		};
		C12A96DB207F37C300E79EBF /* Release */ = {
			isa = XCBuildConfiguration;
			buildSettings = {
				ASSETCATALOG_COMPILER_APPICON_NAME = AppIcon;
				CODE_SIGN_STYLE = Automatic;
				DEVELOPMENT_TEAM = Q7WQF4WN2Z;
				INFOPLIST_FILE = "03-图文混排/Info.plist";
				LD_RUNPATH_SEARCH_PATHS = (
					"$(inherited)",
					"@executable_path/Frameworks",
				);
				PRODUCT_BUNDLE_IDENTIFIER = "com.liukun.-3-----";
				PRODUCT_NAME = "$(TARGET_NAME)";
				SWIFT_VERSION = 4.0;
				TARGETED_DEVICE_FAMILY = "1,2";
			};
			name = Release;
		};
/* End XCBuildConfiguration section */

/* Begin XCConfigurationList section */
		C12A96C2207F37C200E79EBF /* Build configuration list for PBXProject "03-图文混排" */ = {
			isa = XCConfigurationList;
			buildConfigurations = (
				C12A96D7207F37C300E79EBF /* Debug */,
				C12A96D8207F37C300E79EBF /* Release */,
			);
			defaultConfigurationIsVisible = 0;
			defaultConfigurationName = Release;
		};
		C12A96D9207F37C300E79EBF /* Build configuration list for PBXNativeTarget "03-图文混排" */ = {
			isa = XCConfigurationList;
			buildConfigurations = (
				C12A96DA207F37C300E79EBF /* Debug */,
				C12A96DB207F37C300E79EBF /* Release */,
			);
			defaultConfigurationIsVisible = 0;
			defaultConfigurationName = Release;
		};
/* End XCConfigurationList section */
	};
	rootObject = C12A96BF207F37C200E79EBF /* Project object */;
}
