// !$*UTF8*$!
{
	archiveVersion = 1;
	classes = {
	};
	objectVersion = 48;
	objects = {

/* Begin PBXBuildFile section */
		C1130AF620721195003AF5A0 /* AppDelegate.swift in Sources */ = {isa = PBXBuildFile; fileRef = C1130AF520721195003AF5A0 /* AppDelegate.swift */; };
		C1130AF820721195003AF5A0 /* ViewController.swift in Sources */ = {isa = PBXBuildFile; fileRef = C1130AF720721195003AF5A0 /* ViewController.swift */; };
		C1130AFB20721195003AF5A0 /* Main.storyboard in Resources */ = {isa = PBXBuildFile; fileRef = C1130AF920721195003AF5A0 /* Main.storyboard */; };
		C1130AFD20721195003AF5A0 /* Assets.xcassets in Resources */ = {isa = PBXBuildFile; fileRef = C1130AFC20721195003AF5A0 /* Assets.xcassets */; };
		C1130B0020721195003AF5A0 /* LaunchScreen.storyboard in Resources */ = {isa = PBXBuildFile; fileRef = C1130AFE20721195003AF5A0 /* LaunchScreen.storyboard */; };
		C1130B0920721710003AF5A0 /* EmoticonController.swift in Sources */ = {isa = PBXBuildFile; fileRef = C1130B0820721710003AF5A0 /* EmoticonController.swift */; };
		C14DF743207C9590003937E6 /* Emoticons.bundle in Resources */ = {isa = PBXBuildFile; fileRef = C14DF742207C9590003937E6 /* Emoticons.bundle */; };
		C14DF746207C96A9003937E6 /* EmoticonManager.swift in Sources */ = {isa = PBXBuildFile; fileRef = C14DF745207C96A9003937E6 /* EmoticonManager.swift */; };
		C14DF748207C96EB003937E6 /* EmoticonPackage.swift in Sources */ = {isa = PBXBuildFile; fileRef = C14DF747207C96EB003937E6 /* EmoticonPackage.swift */; };
		C14DF74A207C970D003937E6 /* Emoticon.swift in Sources */ = {isa = PBXBuildFile; fileRef = C14DF749207C970D003937E6 /* Emoticon.swift */; };
/* End PBXBuildFile section */

/* Begin PBXFileReference section */
		C1130AF220721195003AF5A0 /* 09-表情键盘.app */ = {isa = PBXFileReference; explicitFileType = wrapper.application; includeInIndex = 0; path = "09-表情键盘.app"; sourceTree = BUILT_PRODUCTS_DIR; };
		C1130AF520721195003AF5A0 /* AppDelegate.swift */ = {isa = PBXFileReference; lastKnownFileType = sourcecode.swift; path = AppDelegate.swift; sourceTree = "<group>"; };
		C1130AF720721195003AF5A0 /* ViewController.swift */ = {isa = PBXFileReference; lastKnownFileType = sourcecode.swift; path = ViewController.swift; sourceTree = "<group>"; };
		C1130AFA20721195003AF5A0 /* Base */ = {isa = PBXFileReference; lastKnownFileType = file.storyboard; name = Base; path = Base.lproj/Main.storyboard; sourceTree = "<group>"; };
		C1130AFC20721195003AF5A0 /* Assets.xcassets */ = {isa = PBXFileReference; lastKnownFileType = folder.assetcatalog; path = Assets.xcassets; sourceTree = "<group>"; };
		C1130AFF20721195003AF5A0 /* Base */ = {isa = PBXFileReference; lastKnownFileType = file.storyboard; name = Base; path = Base.lproj/LaunchScreen.storyboard; sourceTree = "<group>"; };
		C1130B0120721195003AF5A0 /* Info.plist */ = {isa = PBXFileReference; lastKnownFileType = text.plist.xml; path = Info.plist; sourceTree = "<group>"; };
		C1130B0820721710003AF5A0 /* EmoticonController.swift */ = {isa = PBXFileReference; lastKnownFileType = sourcecode.swift; path = EmoticonController.swift; sourceTree = "<group>"; };
		C14DF742207C9590003937E6 /* Emoticons.bundle */ = {isa = PBXFileReference; lastKnownFileType = "wrapper.plug-in"; path = Emoticons.bundle; sourceTree = "<group>"; };
		C14DF745207C96A9003937E6 /* EmoticonManager.swift */ = {isa = PBXFileReference; lastKnownFileType = sourcecode.swift; path = EmoticonManager.swift; sourceTree = "<group>"; };
		C14DF747207C96EB003937E6 /* EmoticonPackage.swift */ = {isa = PBXFileReference; lastKnownFileType = sourcecode.swift; path = EmoticonPackage.swift; sourceTree = "<group>"; };
		C14DF749207C970D003937E6 /* Emoticon.swift */ = {isa = PBXFileReference; lastKnownFileType = sourcecode.swift; path = Emoticon.swift; sourceTree = "<group>"; };
/* End PBXFileReference section */

/* Begin PBXFrameworksBuildPhase section */
		C1130AEF20721195003AF5A0 /* Frameworks */ = {
			isa = PBXFrameworksBuildPhase;
			buildActionMask = 2147483647;
			files = (
			);
			runOnlyForDeploymentPostprocessing = 0;
		};
/* End PBXFrameworksBuildPhase section */

/* Begin PBXGroup section */
		C1130AE920721195003AF5A0 = {
			isa = PBXGroup;
			children = (
				C1130AF420721195003AF5A0 /* 09-表情键盘 */,
				C1130AF320721195003AF5A0 /* Products */,
			);
			sourceTree = "<group>";
		};
		C1130AF320721195003AF5A0 /* Products */ = {
			isa = PBXGroup;
			children = (
				C1130AF220721195003AF5A0 /* 09-表情键盘.app */,
			);
			name = Products;
			sourceTree = "<group>";
		};
		C1130AF420721195003AF5A0 /* 09-表情键盘 */ = {
			isa = PBXGroup;
			children = (
				C1130AF520721195003AF5A0 /* AppDelegate.swift */,
				C1130AF720721195003AF5A0 /* ViewController.swift */,
				C1130B07207216BD003AF5A0 /* emoticon */,
				C1130AF920721195003AF5A0 /* Main.storyboard */,
				C1130AFC20721195003AF5A0 /* Assets.xcassets */,
				C1130AFE20721195003AF5A0 /* LaunchScreen.storyboard */,
				C1130B0120721195003AF5A0 /* Info.plist */,
			);
			path = "09-表情键盘";
			sourceTree = "<group>";
		};
		C1130B07207216BD003AF5A0 /* emoticon */ = {
			isa = PBXGroup;
			children = (
				C14DF744207C9688003937E6 /* Model */,
				C1130B0820721710003AF5A0 /* EmoticonController.swift */,
				C14DF742207C9590003937E6 /* Emoticons.bundle */,
			);
			path = emoticon;
			sourceTree = "<group>";
		};
		C14DF744207C9688003937E6 /* Model */ = {
			isa = PBXGroup;
			children = (
				C14DF745207C96A9003937E6 /* EmoticonManager.swift */,
				C14DF747207C96EB003937E6 /* EmoticonPackage.swift */,
				C14DF749207C970D003937E6 /* Emoticon.swift */,
			);
			path = Model;
			sourceTree = "<group>";
		};
/* End PBXGroup section */

/* Begin PBXNativeTarget section */
		C1130AF120721195003AF5A0 /* 09-表情键盘 */ = {
			isa = PBXNativeTarget;
			buildConfigurationList = C1130B0420721195003AF5A0 /* Build configuration list for PBXNativeTarget "09-表情键盘" */;
			buildPhases = (
				C1130AEE20721195003AF5A0 /* Sources */,
				C1130AEF20721195003AF5A0 /* Frameworks */,
				C1130AF020721195003AF5A0 /* Resources */,
			);
			buildRules = (
			);
			dependencies = (
			);
			name = "09-表情键盘";
			productName = "09-表情键盘";
			productReference = C1130AF220721195003AF5A0 /* 09-表情键盘.app */;
			productType = "com.apple.product-type.application";
		};
/* End PBXNativeTarget section */

/* Begin PBXProject section */
		C1130AEA20721195003AF5A0 /* Project object */ = {
			isa = PBXProject;
			attributes = {
				LastSwiftUpdateCheck = 0920;
				LastUpgradeCheck = 0920;
				ORGANIZATIONNAME = liukun;
				TargetAttributes = {
					C1130AF120721195003AF5A0 = {
						CreatedOnToolsVersion = 9.2;
						ProvisioningStyle = Automatic;
					};
				};
			};
			buildConfigurationList = C1130AED20721195003AF5A0 /* Build configuration list for PBXProject "09-表情键盘" */;
			compatibilityVersion = "Xcode 8.0";
			developmentRegion = en;
			hasScannedForEncodings = 0;
			knownRegions = (
				en,
				Base,
			);
			mainGroup = C1130AE920721195003AF5A0;
			productRefGroup = C1130AF320721195003AF5A0 /* Products */;
			projectDirPath = "";
			projectRoot = "";
			targets = (
				C1130AF120721195003AF5A0 /* 09-表情键盘 */,
			);
		};
/* End PBXProject section */

/* Begin PBXResourcesBuildPhase section */
		C1130AF020721195003AF5A0 /* Resources */ = {
			isa = PBXResourcesBuildPhase;
			buildActionMask = 2147483647;
			files = (
				C1130B0020721195003AF5A0 /* LaunchScreen.storyboard in Resources */,
				C14DF743207C9590003937E6 /* Emoticons.bundle in Resources */,
				C1130AFD20721195003AF5A0 /* Assets.xcassets in Resources */,
				C1130AFB20721195003AF5A0 /* Main.storyboard in Resources */,
			);
			runOnlyForDeploymentPostprocessing = 0;
		};
/* End PBXResourcesBuildPhase section */

/* Begin PBXSourcesBuildPhase section */
		C1130AEE20721195003AF5A0 /* Sources */ = {
			isa = PBXSourcesBuildPhase;
			buildActionMask = 2147483647;
			files = (
				C1130AF820721195003AF5A0 /* ViewController.swift in Sources */,
				C14DF74A207C970D003937E6 /* Emoticon.swift in Sources */,
				C14DF746207C96A9003937E6 /* EmoticonManager.swift in Sources */,
				C14DF748207C96EB003937E6 /* EmoticonPackage.swift in Sources */,
				C1130AF620721195003AF5A0 /* AppDelegate.swift in Sources */,
				C1130B0920721710003AF5A0 /* EmoticonController.swift in Sources */,
			);
			runOnlyForDeploymentPostprocessing = 0;
		};
/* End PBXSourcesBuildPhase section */

/* Begin PBXVariantGroup section */
		C1130AF920721195003AF5A0 /* Main.storyboard */ = {
			isa = PBXVariantGroup;
			children = (
				C1130AFA20721195003AF5A0 /* Base */,
			);
			name = Main.storyboard;
			sourceTree = "<group>";
		};
		C1130AFE20721195003AF5A0 /* LaunchScreen.storyboard */ = {
			isa = PBXVariantGroup;
			children = (
				C1130AFF20721195003AF5A0 /* Base */,
			);
			name = LaunchScreen.storyboard;
			sourceTree = "<group>";
		};
/* End PBXVariantGroup section */

/* Begin XCBuildConfiguration section */
		C1130B0220721195003AF5A0 /* Debug */ = {
			isa = XCBuildConfiguration;
			buildSettings = {
				ALWAYS_SEARCH_USER_PATHS = NO;
				CLANG_ANALYZER_NONNULL = YES;
				CLANG_ANALYZER_NUMBER_OBJECT_CONVERSION = YES_AGGRESSIVE;
				CLANG_CXX_LANGUAGE_STANDARD = "gnu++14";
				CLANG_CXX_LIBRARY = "libc++";
				CLANG_ENABLE_MODULES = YES;
				CLANG_ENABLE_OBJC_ARC = YES;
				CLANG_WARN_BLOCK_CAPTURE_AUTORELEASING = YES;
				CLANG_WARN_BOOL_CONVERSION = YES;
				CLANG_WARN_COMMA = YES;
				CLANG_WARN_CONSTANT_CONVERSION = YES;
				CLANG_WARN_DIRECT_OBJC_ISA_USAGE = YES_ERROR;
				CLANG_WARN_DOCUMENTATION_COMMENTS = YES;
				CLANG_WARN_EMPTY_BODY = YES;
				CLANG_WARN_ENUM_CONVERSION = YES;
				CLANG_WARN_INFINITE_RECURSION = YES;
				CLANG_WARN_INT_CONVERSION = YES;
				CLANG_WARN_NON_LITERAL_NULL_CONVERSION = YES;
				CLANG_WARN_OBJC_LITERAL_CONVERSION = YES;
				CLANG_WARN_OBJC_ROOT_CLASS = YES_ERROR;
				CLANG_WARN_RANGE_LOOP_ANALYSIS = YES;
				CLANG_WARN_STRICT_PROTOTYPES = YES;
				CLANG_WARN_SUSPICIOUS_MOVE = YES;
				CLANG_WARN_UNGUARDED_AVAILABILITY = YES_AGGRESSIVE;
				CLANG_WARN_UNREACHABLE_CODE = YES;
				CLANG_WARN__DUPLICATE_METHOD_MATCH = YES;
				CODE_SIGN_IDENTITY = "iPhone Developer";
				COPY_PHASE_STRIP = NO;
				DEBUG_INFORMATION_FORMAT = dwarf;
				ENABLE_STRICT_OBJC_MSGSEND = YES;
				ENABLE_TESTABILITY = YES;
				GCC_C_LANGUAGE_STANDARD = gnu11;
				GCC_DYNAMIC_NO_PIC = NO;
				GCC_NO_COMMON_BLOCKS = YES;
				GCC_OPTIMIZATION_LEVEL = 0;
				GCC_PREPROCESSOR_DEFINITIONS = (
					"DEBUG=1",
					"$(inherited)",
				);
				GCC_WARN_64_TO_32_BIT_CONVERSION = YES;
				GCC_WARN_ABOUT_RETURN_TYPE = YES_ERROR;
				GCC_WARN_UNDECLARED_SELECTOR = YES;
				GCC_WARN_UNINITIALIZED_AUTOS = YES_AGGRESSIVE;
				GCC_WARN_UNUSED_FUNCTION = YES;
				GCC_WARN_UNUSED_VARIABLE = YES;
				IPHONEOS_DEPLOYMENT_TARGET = 9.0;
				MTL_ENABLE_DEBUG_INFO = YES;
				ONLY_ACTIVE_ARCH = YES;
				SDKROOT = iphoneos;
				SWIFT_ACTIVE_COMPILATION_CONDITIONS = DEBUG;
				SWIFT_OPTIMIZATION_LEVEL = "-Onone";
			};
			name = Debug;
		};
		C1130B0320721195003AF5A0 /* Release */ = {
			isa = XCBuildConfiguration;
			buildSettings = {
				ALWAYS_SEARCH_USER_PATHS = NO;
				CLANG_ANALYZER_NONNULL = YES;
				CLANG_ANALYZER_NUMBER_OBJECT_CONVERSION = YES_AGGRESSIVE;
				CLANG_CXX_LANGUAGE_STANDARD = "gnu++14";
				CLANG_CXX_LIBRARY = "libc++";
				CLANG_ENABLE_MODULES = YES;
				CLANG_ENABLE_OBJC_ARC = YES;
				CLANG_WARN_BLOCK_CAPTURE_AUTORELEASING = YES;
				CLANG_WARN_BOOL_CONVERSION = YES;
				CLANG_WARN_COMMA = YES;
				CLANG_WARN_CONSTANT_CONVERSION = YES;
				CLANG_WARN_DIRECT_OBJC_ISA_USAGE = YES_ERROR;
				CLANG_WARN_DOCUMENTATION_COMMENTS = YES;
				CLANG_WARN_EMPTY_BODY = YES;
				CLANG_WARN_ENUM_CONVERSION = YES;
				CLANG_WARN_INFINITE_RECURSION = YES;
				CLANG_WARN_INT_CONVERSION = YES;
				CLANG_WARN_NON_LITERAL_NULL_CONVERSION = YES;
				CLANG_WARN_OBJC_LITERAL_CONVERSION = YES;
				CLANG_WARN_OBJC_ROOT_CLASS = YES_ERROR;
				CLANG_WARN_RANGE_LOOP_ANALYSIS = YES;
				CLANG_WARN_STRICT_PROTOTYPES = YES;
				CLANG_WARN_SUSPICIOUS_MOVE = YES;
				CLANG_WARN_UNGUARDED_AVAILABILITY = YES_AGGRESSIVE;
				CLANG_WARN_UNREACHABLE_CODE = YES;
				CLANG_WARN__DUPLICATE_METHOD_MATCH = YES;
				CODE_SIGN_IDENTITY = "iPhone Developer";
				COPY_PHASE_STRIP = NO;
				DEBUG_INFORMATION_FORMAT = "dwarf-with-dsym";
				ENABLE_NS_ASSERTIONS = NO;
				ENABLE_STRICT_OBJC_MSGSEND = YES;
				GCC_C_LANGUAGE_STANDARD = gnu11;
				GCC_NO_COMMON_BLOCKS = YES;
				GCC_WARN_64_TO_32_BIT_CONVERSION = YES;
				GCC_WARN_ABOUT_RETURN_TYPE = YES_ERROR;
				GCC_WARN_UNDECLARED_SELECTOR = YES;
				GCC_WARN_UNINITIALIZED_AUTOS = YES_AGGRESSIVE;
				GCC_WARN_UNUSED_FUNCTION = YES;
				GCC_WARN_UNUSED_VARIABLE = YES;
				IPHONEOS_DEPLOYMENT_TARGET = 9.0;
				MTL_ENABLE_DEBUG_INFO = NO;
				SDKROOT = iphoneos;
				SWIFT_OPTIMIZATION_LEVEL = "-Owholemodule";
				VALIDATE_PRODUCT = YES;
			};
			name = Release;
		};
		C1130B0520721195003AF5A0 /* Debug */ = {
			isa = XCBuildConfiguration;
			buildSettings = {
				ASSETCATALOG_COMPILER_APPICON_NAME = AppIcon;
				CODE_SIGN_STYLE = Automatic;
				DEVELOPMENT_TEAM = Q7WQF4WN2Z;
				INFOPLIST_FILE = "09-表情键盘/Info.plist";
				LD_RUNPATH_SEARCH_PATHS = "$(inherited) @executable_path/Frameworks";
				PRODUCT_BUNDLE_IDENTIFIER = "com.liukun.-9-----";
				PRODUCT_NAME = "$(TARGET_NAME)";
				SWIFT_VERSION = 4.0;
				TARGETED_DEVICE_FAMILY = "1,2";
			};
			name = Debug;
		};
		C1130B0620721195003AF5A0 /* Release */ = {
			isa = XCBuildConfiguration;
			buildSettings = {
				ASSETCATALOG_COMPILER_APPICON_NAME = AppIcon;
				CODE_SIGN_STYLE = Automatic;
				DEVELOPMENT_TEAM = Q7WQF4WN2Z;
				INFOPLIST_FILE = "09-表情键盘/Info.plist";
				LD_RUNPATH_SEARCH_PATHS = "$(inherited) @executable_path/Frameworks";
				PRODUCT_BUNDLE_IDENTIFIER = "com.liukun.-9-----";
				PRODUCT_NAME = "$(TARGET_NAME)";
				SWIFT_VERSION = 4.0;
				TARGETED_DEVICE_FAMILY = "1,2";
			};
			name = Release;
		};
/* End XCBuildConfiguration section */

/* Begin XCConfigurationList section */
		C1130AED20721195003AF5A0 /* Build configuration list for PBXProject "09-表情键盘" */ = {
			isa = XCConfigurationList;
			buildConfigurations = (
				C1130B0220721195003AF5A0 /* Debug */,
				C1130B0320721195003AF5A0 /* Release */,
			);
			defaultConfigurationIsVisible = 0;
			defaultConfigurationName = Release;
		};
		C1130B0420721195003AF5A0 /* Build configuration list for PBXNativeTarget "09-表情键盘" */ = {
			isa = XCConfigurationList;
			buildConfigurations = (
				C1130B0520721195003AF5A0 /* Debug */,
				C1130B0620721195003AF5A0 /* Release */,
			);
			defaultConfigurationIsVisible = 0;
			defaultConfigurationName = Release;
		};
/* End XCConfigurationList section */
	};
	rootObject = C1130AEA20721195003AF5A0 /* Project object */;
}
